Microsoft Visual Studio Solution File, Format Version 12.00
# Visual Studio Version 17
VisualStudioVersion = 17.8.34322.80
MinimumVisualStudioVersion = 10.0.40219.1
Project("{9A19103F-16F7-4668-BE54-9A1E7A4F7556}") = "advancedchests", "mods\advancedchests\advancedchests.csproj", "{6E7635B1-5B78-416E-A39D-6B131D21C2F6}"
EndProject
Project("{9A19103F-16F7-4668-BE54-9A1E7A4F7556}") = "xdiseases", "mods\xdiseases\xdiseases.csproj", "{7DAB352C-1136-4434-9F3A-A11CF3CBFBEF}"
	ProjectSection(ProjectDependencies) = postProject
		{6A025ED5-1226-4F32-9A77-F3CC94239A9B} = {6A025ED5-1226-4F32-9A77-F3CC94239A9B}
	EndProjectSection
EndProject
Project("{9A19103F-16F7-4668-BE54-9A1E7A4F7556}") = "xskills", "mods\xskills\xskills.csproj", "{19B154AE-AFE4-423E-8B78-2ACC73607D83}"
EndProject
Project("{9A19103F-16F7-4668-BE54-9A1E7A4F7556}") = "xlib", "mods\xlib\xlib.csproj", "{6A025ED5-1226-4F32-9A77-F3CC94239A9B}"
EndProject
Project("{9A19103F-16F7-4668-BE54-9A1E7A4F7556}") = "xinvtweaks", "mods\xinvtweaks\xinvtweaks.csproj", "{3270755B-D57F-4B68-811C-A9AF3055C4F7}"
EndProject
Project("{9A19103F-16F7-4668-BE54-9A1E7A4F7556}") = "launcher", "launcher\launcher.csproj", "{A6319C43-7F9C-4C89-9BE3-EABFC3216596}"
	ProjectSection(ProjectDependencies) = postProject
		{7DAB352C-1136-4434-9F3A-A11CF3CBFBEF} = {7DAB352C-1136-4434-9F3A-A11CF3CBFBEF}
		{3270755B-D57F-4B68-811C-A9AF3055C4F7} = {3270755B-D57F-4B68-811C-A9AF3055C4F7}
		{19B154AE-AFE4-423E-8B78-2ACC73607D83} = {19B154AE-AFE4-423E-8B78-2ACC73607D83}
		{6E7635B1-5B78-416E-A39D-6B131D21C2F6} = {6E7635B1-5B78-416E-A39D-6B131D21C2F6}
		{6A025ED5-1226-4F32-9A77-F3CC94239A9B} = {6A025ED5-1226-4F32-9A77-F3CC94239A9B}
	EndProjectSection
EndProject
Project("{2150E333-8FDC-42A3-9474-1A3956D46DE8}") = "Projektmappenelemente", "Projektmappenelemente", "{15918DA8-2399-4545-96E7-E5F544D3AD29}"
	ProjectSection(SolutionItems) = preProject
		LICENSE = LICENSE
		README.md = README.md
	EndProjectSection
EndProject
Global
	GlobalSection(SolutionConfigurationPlatforms) = preSolution
		Debug|Any CPU = Debug|Any CPU
		Debug|ARM = Debug|ARM
		Debug|ARM64 = Debug|ARM64
		Debug|x64 = Debug|x64
		Debug|x86 = Debug|x86
		Release x64|Any CPU = Release x64|Any CPU
		Release x64|ARM = Release x64|ARM
		Release x64|ARM64 = Release x64|ARM64
		Release x64|x64 = Release x64|x64
		Release x64|x86 = Release x64|x86
		Release|Any CPU = Release|Any CPU
		Release|ARM = Release|ARM
		Release|ARM64 = Release|ARM64
		Release|x64 = Release|x64
		Release|x86 = Release|x86
	EndGlobalSection
	GlobalSection(ProjectConfigurationPlatforms) = postSolution
		{6E7635B1-5B78-416E-A39D-6B131D21C2F6}.Debug|Any CPU.ActiveCfg = Debug|Any CPU
		{6E7635B1-5B78-416E-A39D-6B131D21C2F6}.Debug|Any CPU.Build.0 = Debug|Any CPU
		{6E7635B1-5B78-416E-A39D-6B131D21C2F6}.Debug|ARM.ActiveCfg = Debug|Any CPU
		{6E7635B1-5B78-416E-A39D-6B131D21C2F6}.Debug|ARM.Build.0 = Debug|Any CPU
		{6E7635B1-5B78-416E-A39D-6B131D21C2F6}.Debug|ARM64.ActiveCfg = Debug|Any CPU
		{6E7635B1-5B78-416E-A39D-6B131D21C2F6}.Debug|ARM64.Build.0 = Debug|Any CPU
		{6E7635B1-5B78-416E-A39D-6B131D21C2F6}.Debug|x64.ActiveCfg = Debug|Any CPU
		{6E7635B1-5B78-416E-A39D-6B131D21C2F6}.Debug|x64.Build.0 = Debug|Any CPU
		{6E7635B1-5B78-416E-A39D-6B131D21C2F6}.Debug|x86.ActiveCfg = Debug|Any CPU
		{6E7635B1-5B78-416E-A39D-6B131D21C2F6}.Debug|x86.Build.0 = Debug|Any CPU
		{6E7635B1-5B78-416E-A39D-6B131D21C2F6}.Release x64|Any CPU.ActiveCfg = Release|Any CPU
		{6E7635B1-5B78-416E-A39D-6B131D21C2F6}.Release x64|Any CPU.Build.0 = Release|Any CPU
		{6E7635B1-5B78-416E-A39D-6B131D21C2F6}.Release x64|ARM.ActiveCfg = Release|Any CPU
		{6E7635B1-5B78-416E-A39D-6B131D21C2F6}.Release x64|ARM.Build.0 = Release|Any CPU
		{6E7635B1-5B78-416E-A39D-6B131D21C2F6}.Release x64|ARM64.ActiveCfg = Release|Any CPU
		{6E7635B1-5B78-416E-A39D-6B131D21C2F6}.Release x64|ARM64.Build.0 = Release|Any CPU
		{6E7635B1-5B78-416E-A39D-6B131D21C2F6}.Release x64|x64.ActiveCfg = Release|Any CPU
		{6E7635B1-5B78-416E-A39D-6B131D21C2F6}.Release x64|x64.Build.0 = Release|Any CPU
		{6E7635B1-5B78-416E-A39D-6B131D21C2F6}.Release x64|x86.ActiveCfg = Release|Any CPU
		{6E7635B1-5B78-416E-A39D-6B131D21C2F6}.Release x64|x86.Build.0 = Release|Any CPU
		{6E7635B1-5B78-416E-A39D-6B131D21C2F6}.Release|Any CPU.ActiveCfg = Release|Any CPU
		{6E7635B1-5B78-416E-A39D-6B131D21C2F6}.Release|Any CPU.Build.0 = Release|Any CPU
		{6E7635B1-5B78-416E-A39D-6B131D21C2F6}.Release|ARM.ActiveCfg = Release|Any CPU
		{6E7635B1-5B78-416E-A39D-6B131D21C2F6}.Release|ARM.Build.0 = Release|Any CPU
		{6E7635B1-5B78-416E-A39D-6B131D21C2F6}.Release|ARM64.ActiveCfg = Release|Any CPU
		{6E7635B1-5B78-416E-A39D-6B131D21C2F6}.Release|ARM64.Build.0 = Release|Any CPU
		{6E7635B1-5B78-416E-A39D-6B131D21C2F6}.Release|x64.ActiveCfg = Release|Any CPU
		{6E7635B1-5B78-416E-A39D-6B131D21C2F6}.Release|x64.Build.0 = Release|Any CPU
		{6E7635B1-5B78-416E-A39D-6B131D21C2F6}.Release|x86.ActiveCfg = Release|Any CPU
		{6E7635B1-5B78-416E-A39D-6B131D21C2F6}.Release|x86.Build.0 = Release|Any CPU
		{7DAB352C-1136-4434-9F3A-A11CF3CBFBEF}.Debug|Any CPU.ActiveCfg = Debug|Any CPU
		{7DAB352C-1136-4434-9F3A-A11CF3CBFBEF}.Debug|Any CPU.Build.0 = Debug|Any CPU
		{7DAB352C-1136-4434-9F3A-A11CF3CBFBEF}.Debug|ARM.ActiveCfg = Debug|Any CPU
		{7DAB352C-1136-4434-9F3A-A11CF3CBFBEF}.Debug|ARM.Build.0 = Debug|Any CPU
		{7DAB352C-1136-4434-9F3A-A11CF3CBFBEF}.Debug|ARM64.ActiveCfg = Debug|Any CPU
		{7DAB352C-1136-4434-9F3A-A11CF3CBFBEF}.Debug|ARM64.Build.0 = Debug|Any CPU
		{7DAB352C-1136-4434-9F3A-A11CF3CBFBEF}.Debug|x64.ActiveCfg = Debug|Any CPU
		{7DAB352C-1136-4434-9F3A-A11CF3CBFBEF}.Debug|x64.Build.0 = Debug|Any CPU
		{7DAB352C-1136-4434-9F3A-A11CF3CBFBEF}.Debug|x86.ActiveCfg = Debug|Any CPU
		{7DAB352C-1136-4434-9F3A-A11CF3CBFBEF}.Debug|x86.Build.0 = Debug|Any CPU
		{7DAB352C-1136-4434-9F3A-A11CF3CBFBEF}.Release x64|Any CPU.ActiveCfg = Release|Any CPU
		{7DAB352C-1136-4434-9F3A-A11CF3CBFBEF}.Release x64|Any CPU.Build.0 = Release|Any CPU
		{7DAB352C-1136-4434-9F3A-A11CF3CBFBEF}.Release x64|ARM.ActiveCfg = Release|Any CPU
		{7DAB352C-1136-4434-9F3A-A11CF3CBFBEF}.Release x64|ARM.Build.0 = Release|Any CPU
		{7DAB352C-1136-4434-9F3A-A11CF3CBFBEF}.Release x64|ARM64.ActiveCfg = Release|Any CPU
		{7DAB352C-1136-4434-9F3A-A11CF3CBFBEF}.Release x64|ARM64.Build.0 = Release|Any CPU
		{7DAB352C-1136-4434-9F3A-A11CF3CBFBEF}.Release x64|x64.ActiveCfg = Release|Any CPU
		{7DAB352C-1136-4434-9F3A-A11CF3CBFBEF}.Release x64|x64.Build.0 = Release|Any CPU
		{7DAB352C-1136-4434-9F3A-A11CF3CBFBEF}.Release x64|x86.ActiveCfg = Release|Any CPU
		{7DAB352C-1136-4434-9F3A-A11CF3CBFBEF}.Release x64|x86.Build.0 = Release|Any CPU
		{7DAB352C-1136-4434-9F3A-A11CF3CBFBEF}.Release|Any CPU.ActiveCfg = Release|Any CPU
		{7DAB352C-1136-4434-9F3A-A11CF3CBFBEF}.Release|Any CPU.Build.0 = Release|Any CPU
		{7DAB352C-1136-4434-9F3A-A11CF3CBFBEF}.Release|ARM.ActiveCfg = Release|Any CPU
		{7DAB352C-1136-4434-9F3A-A11CF3CBFBEF}.Release|ARM.Build.0 = Release|Any CPU
		{7DAB352C-1136-4434-9F3A-A11CF3CBFBEF}.Release|ARM64.ActiveCfg = Release|Any CPU
		{7DAB352C-1136-4434-9F3A-A11CF3CBFBEF}.Release|ARM64.Build.0 = Release|Any CPU
		{7DAB352C-1136-4434-9F3A-A11CF3CBFBEF}.Release|x64.ActiveCfg = Release|Any CPU
		{7DAB352C-1136-4434-9F3A-A11CF3CBFBEF}.Release|x64.Build.0 = Release|Any CPU
		{7DAB352C-1136-4434-9F3A-A11CF3CBFBEF}.Release|x86.ActiveCfg = Release|Any CPU
		{7DAB352C-1136-4434-9F3A-A11CF3CBFBEF}.Release|x86.Build.0 = Release|Any CPU
		{19B154AE-AFE4-423E-8B78-2ACC73607D83}.Debug|Any CPU.ActiveCfg = Debug|Any CPU
		{19B154AE-AFE4-423E-8B78-2ACC73607D83}.Debug|Any CPU.Build.0 = Debug|Any CPU
		{19B154AE-AFE4-423E-8B78-2ACC73607D83}.Debug|ARM.ActiveCfg = Debug|Any CPU
		{19B154AE-AFE4-423E-8B78-2ACC73607D83}.Debug|ARM.Build.0 = Debug|Any CPU
		{19B154AE-AFE4-423E-8B78-2ACC73607D83}.Debug|ARM64.ActiveCfg = Debug|Any CPU
		{19B154AE-AFE4-423E-8B78-2ACC73607D83}.Debug|ARM64.Build.0 = Debug|Any CPU
		{19B154AE-AFE4-423E-8B78-2ACC73607D83}.Debug|x64.ActiveCfg = Debug|Any CPU
		{19B154AE-AFE4-423E-8B78-2ACC73607D83}.Debug|x64.Build.0 = Debug|Any CPU
		{19B154AE-AFE4-423E-8B78-2ACC73607D83}.Debug|x86.ActiveCfg = Debug|Any CPU
		{19B154AE-AFE4-423E-8B78-2ACC73607D83}.Debug|x86.Build.0 = Debug|Any CPU
		{19B154AE-AFE4-423E-8B78-2ACC73607D83}.Release x64|Any CPU.ActiveCfg = Release|Any CPU
		{19B154AE-AFE4-423E-8B78-2ACC73607D83}.Release x64|Any CPU.Build.0 = Release|Any CPU
		{19B154AE-AFE4-423E-8B78-2ACC73607D83}.Release x64|ARM.ActiveCfg = Release|Any CPU
		{19B154AE-AFE4-423E-8B78-2ACC73607D83}.Release x64|ARM.Build.0 = Release|Any CPU
		{19B154AE-AFE4-423E-8B78-2ACC73607D83}.Release x64|ARM64.ActiveCfg = Release|Any CPU
		{19B154AE-AFE4-423E-8B78-2ACC73607D83}.Release x64|ARM64.Build.0 = Release|Any CPU
		{19B154AE-AFE4-423E-8B78-2ACC73607D83}.Release x64|x64.ActiveCfg = Release|Any CPU
		{19B154AE-AFE4-423E-8B78-2ACC73607D83}.Release x64|x64.Build.0 = Release|Any CPU
		{19B154AE-AFE4-423E-8B78-2ACC73607D83}.Release x64|x86.ActiveCfg = Release|Any CPU
		{19B154AE-AFE4-423E-8B78-2ACC73607D83}.Release x64|x86.Build.0 = Release|Any CPU
		{19B154AE-AFE4-423E-8B78-2ACC73607D83}.Release|Any CPU.ActiveCfg = Release|Any CPU
		{19B154AE-AFE4-423E-8B78-2ACC73607D83}.Release|Any CPU.Build.0 = Release|Any CPU
		{19B154AE-AFE4-423E-8B78-2ACC73607D83}.Release|ARM.ActiveCfg = Release|Any CPU
		{19B154AE-AFE4-423E-8B78-2ACC73607D83}.Release|ARM.Build.0 = Release|Any CPU
		{19B154AE-AFE4-423E-8B78-2ACC73607D83}.Release|ARM64.ActiveCfg = Release|Any CPU
		{19B154AE-AFE4-423E-8B78-2ACC73607D83}.Release|ARM64.Build.0 = Release|Any CPU
		{19B154AE-AFE4-423E-8B78-2ACC73607D83}.Release|x64.ActiveCfg = Release|Any CPU
		{19B154AE-AFE4-423E-8B78-2ACC73607D83}.Release|x64.Build.0 = Release|Any CPU
		{19B154AE-AFE4-423E-8B78-2ACC73607D83}.Release|x86.ActiveCfg = Release|Any CPU
		{19B154AE-AFE4-423E-8B78-2ACC73607D83}.Release|x86.Build.0 = Release|Any CPU
		{6A025ED5-1226-4F32-9A77-F3CC94239A9B}.Debug|Any CPU.ActiveCfg = Debug|Any CPU
		{6A025ED5-1226-4F32-9A77-F3CC94239A9B}.Debug|Any CPU.Build.0 = Debug|Any CPU
		{6A025ED5-1226-4F32-9A77-F3CC94239A9B}.Debug|ARM.ActiveCfg = Debug|Any CPU
		{6A025ED5-1226-4F32-9A77-F3CC94239A9B}.Debug|ARM.Build.0 = Debug|Any CPU
		{6A025ED5-1226-4F32-9A77-F3CC94239A9B}.Debug|ARM64.ActiveCfg = Debug|Any CPU
		{6A025ED5-1226-4F32-9A77-F3CC94239A9B}.Debug|ARM64.Build.0 = Debug|Any CPU
		{6A025ED5-1226-4F32-9A77-F3CC94239A9B}.Debug|x64.ActiveCfg = Debug|Any CPU
		{6A025ED5-1226-4F32-9A77-F3CC94239A9B}.Debug|x64.Build.0 = Debug|Any CPU
		{6A025ED5-1226-4F32-9A77-F3CC94239A9B}.Debug|x86.ActiveCfg = Debug|Any CPU
		{6A025ED5-1226-4F32-9A77-F3CC94239A9B}.Debug|x86.Build.0 = Debug|Any CPU
		{6A025ED5-1226-4F32-9A77-F3CC94239A9B}.Release x64|Any CPU.ActiveCfg = Release|Any CPU
		{6A025ED5-1226-4F32-9A77-F3CC94239A9B}.Release x64|Any CPU.Build.0 = Release|Any CPU
		{6A025ED5-1226-4F32-9A77-F3CC94239A9B}.Release x64|ARM.ActiveCfg = Release|Any CPU
		{6A025ED5-1226-4F32-9A77-F3CC94239A9B}.Release x64|ARM.Build.0 = Release|Any CPU
		{6A025ED5-1226-4F32-9A77-F3CC94239A9B}.Release x64|ARM64.ActiveCfg = Release|Any CPU
		{6A025ED5-1226-4F32-9A77-F3CC94239A9B}.Release x64|ARM64.Build.0 = Release|Any CPU
		{6A025ED5-1226-4F32-9A77-F3CC94239A9B}.Release x64|x64.ActiveCfg = Release|Any CPU
		{6A025ED5-1226-4F32-9A77-F3CC94239A9B}.Release x64|x64.Build.0 = Release|Any CPU
		{6A025ED5-1226-4F32-9A77-F3CC94239A9B}.Release x64|x86.ActiveCfg = Release|Any CPU
		{6A025ED5-1226-4F32-9A77-F3CC94239A9B}.Release x64|x86.Build.0 = Release|Any CPU
		{6A025ED5-1226-4F32-9A77-F3CC94239A9B}.Release|Any CPU.ActiveCfg = Release|Any CPU
		{6A025ED5-1226-4F32-9A77-F3CC94239A9B}.Release|Any CPU.Build.0 = Release|Any CPU
		{6A025ED5-1226-4F32-9A77-F3CC94239A9B}.Release|ARM.ActiveCfg = Release|Any CPU
		{6A025ED5-1226-4F32-9A77-F3CC94239A9B}.Release|ARM.Build.0 = Release|Any CPU
		{6A025ED5-1226-4F32-9A77-F3CC94239A9B}.Release|ARM64.ActiveCfg = Release|Any CPU
		{6A025ED5-1226-4F32-9A77-F3CC94239A9B}.Release|ARM64.Build.0 = Release|Any CPU
		{6A025ED5-1226-4F32-9A77-F3CC94239A9B}.Release|x64.ActiveCfg = Release|Any CPU
		{6A025ED5-1226-4F32-9A77-F3CC94239A9B}.Release|x64.Build.0 = Release|Any CPU
		{6A025ED5-1226-4F32-9A77-F3CC94239A9B}.Release|x86.ActiveCfg = Release|Any CPU
		{6A025ED5-1226-4F32-9A77-F3CC94239A9B}.Release|x86.Build.0 = Release|Any CPU
		{3270755B-D57F-4B68-811C-A9AF3055C4F7}.Debug|Any CPU.ActiveCfg = Debug|Any CPU
		{3270755B-D57F-4B68-811C-A9AF3055C4F7}.Debug|Any CPU.Build.0 = Debug|Any CPU
		{3270755B-D57F-4B68-811C-A9AF3055C4F7}.Debug|ARM.ActiveCfg = Debug|Any CPU
		{3270755B-D57F-4B68-811C-A9AF3055C4F7}.Debug|ARM.Build.0 = Debug|Any CPU
		{3270755B-D57F-4B68-811C-A9AF3055C4F7}.Debug|ARM64.ActiveCfg = Debug|Any CPU
		{3270755B-D57F-4B68-811C-A9AF3055C4F7}.Debug|ARM64.Build.0 = Debug|Any CPU
		{3270755B-D57F-4B68-811C-A9AF3055C4F7}.Debug|x64.ActiveCfg = Debug|Any CPU
		{3270755B-D57F-4B68-811C-A9AF3055C4F7}.Debug|x64.Build.0 = Debug|Any CPU
		{3270755B-D57F-4B68-811C-A9AF3055C4F7}.Debug|x86.ActiveCfg = Debug|Any CPU
		{3270755B-D57F-4B68-811C-A9AF3055C4F7}.Debug|x86.Build.0 = Debug|Any CPU
		{3270755B-D57F-4B68-811C-A9AF3055C4F7}.Release x64|Any CPU.ActiveCfg = Release|Any CPU
		{3270755B-D57F-4B68-811C-A9AF3055C4F7}.Release x64|Any CPU.Build.0 = Release|Any CPU
		{3270755B-D57F-4B68-811C-A9AF3055C4F7}.Release x64|ARM.ActiveCfg = Release|Any CPU
		{3270755B-D57F-4B68-811C-A9AF3055C4F7}.Release x64|ARM.Build.0 = Release|Any CPU
		{3270755B-D57F-4B68-811C-A9AF3055C4F7}.Release x64|ARM64.ActiveCfg = Release|Any CPU
		{3270755B-D57F-4B68-811C-A9AF3055C4F7}.Release x64|ARM64.Build.0 = Release|Any CPU
		{3270755B-D57F-4B68-811C-A9AF3055C4F7}.Release x64|x64.ActiveCfg = Release|Any CPU
		{3270755B-D57F-4B68-811C-A9AF3055C4F7}.Release x64|x64.Build.0 = Release|Any CPU
		{3270755B-D57F-4B68-811C-A9AF3055C4F7}.Release x64|x86.ActiveCfg = Release|Any CPU
		{3270755B-D57F-4B68-811C-A9AF3055C4F7}.Release x64|x86.Build.0 = Release|Any CPU
		{3270755B-D57F-4B68-811C-A9AF3055C4F7}.Release|Any CPU.ActiveCfg = Release|Any CPU
		{3270755B-D57F-4B68-811C-A9AF3055C4F7}.Release|Any CPU.Build.0 = Release|Any CPU
		{3270755B-D57F-4B68-811C-A9AF3055C4F7}.Release|ARM.ActiveCfg = Release|Any CPU
		{3270755B-D57F-4B68-811C-A9AF3055C4F7}.Release|ARM.Build.0 = Release|Any CPU
		{3270755B-D57F-4B68-811C-A9AF3055C4F7}.Release|ARM64.ActiveCfg = Release|Any CPU
		{3270755B-D57F-4B68-811C-A9AF3055C4F7}.Release|ARM64.Build.0 = Release|Any CPU
		{3270755B-D57F-4B68-811C-A9AF3055C4F7}.Release|x64.ActiveCfg = Release|Any CPU
		{3270755B-D57F-4B68-811C-A9AF3055C4F7}.Release|x64.Build.0 = Release|Any CPU
		{3270755B-D57F-4B68-811C-A9AF3055C4F7}.Release|x86.ActiveCfg = Release|Any CPU
		{3270755B-D57F-4B68-811C-A9AF3055C4F7}.Release|x86.Build.0 = Release|Any CPU
		{A6319C43-7F9C-4C89-9BE3-EABFC3216596}.Debug|Any CPU.ActiveCfg = Debug|Any CPU
		{A6319C43-7F9C-4C89-9BE3-EABFC3216596}.Debug|Any CPU.Build.0 = Debug|Any CPU
		{A6319C43-7F9C-4C89-9BE3-EABFC3216596}.Debug|ARM.ActiveCfg = Debug|Any CPU
		{A6319C43-7F9C-4C89-9BE3-EABFC3216596}.Debug|ARM.Build.0 = Debug|Any CPU
		{A6319C43-7F9C-4C89-9BE3-EABFC3216596}.Debug|ARM64.ActiveCfg = Debug|Any CPU
		{A6319C43-7F9C-4C89-9BE3-EABFC3216596}.Debug|ARM64.Build.0 = Debug|Any CPU
		{A6319C43-7F9C-4C89-9BE3-EABFC3216596}.Debug|x64.ActiveCfg = Debug|Any CPU
		{A6319C43-7F9C-4C89-9BE3-EABFC3216596}.Debug|x64.Build.0 = Debug|Any CPU
		{A6319C43-7F9C-4C89-9BE3-EABFC3216596}.Debug|x86.ActiveCfg = Debug|Any CPU
		{A6319C43-7F9C-4C89-9BE3-EABFC3216596}.Debug|x86.Build.0 = Debug|Any CPU
		{A6319C43-7F9C-4C89-9BE3-EABFC3216596}.Release x64|Any CPU.ActiveCfg = Release|Any CPU
		{A6319C43-7F9C-4C89-9BE3-EABFC3216596}.Release x64|Any CPU.Build.0 = Release|Any CPU
		{A6319C43-7F9C-4C89-9BE3-EABFC3216596}.Release x64|ARM.ActiveCfg = Release|Any CPU
		{A6319C43-7F9C-4C89-9BE3-EABFC3216596}.Release x64|ARM.Build.0 = Release|Any CPU
		{A6319C43-7F9C-4C89-9BE3-EABFC3216596}.Release x64|ARM64.ActiveCfg = Release|Any CPU
		{A6319C43-7F9C-4C89-9BE3-EABFC3216596}.Release x64|ARM64.Build.0 = Release|Any CPU
		{A6319C43-7F9C-4C89-9BE3-EABFC3216596}.Release x64|x64.ActiveCfg = Release|Any CPU
		{A6319C43-7F9C-4C89-9BE3-EABFC3216596}.Release x64|x64.Build.0 = Release|Any CPU
		{A6319C43-7F9C-4C89-9BE3-EABFC3216596}.Release x64|x86.ActiveCfg = Release|Any CPU
		{A6319C43-7F9C-4C89-9BE3-EABFC3216596}.Release x64|x86.Build.0 = Release|Any CPU
		{A6319C43-7F9C-4C89-9BE3-EABFC3216596}.Release|Any CPU.ActiveCfg = Release|Any CPU
		{A6319C43-7F9C-4C89-9BE3-EABFC3216596}.Release|Any CPU.Build.0 = Release|Any CPU
		{A6319C43-7F9C-4C89-9BE3-EABFC3216596}.Release|ARM.ActiveCfg = Release|Any CPU
		{A6319C43-7F9C-4C89-9BE3-EABFC3216596}.Release|ARM.Build.0 = Release|Any CPU
		{A6319C43-7F9C-4C89-9BE3-EABFC3216596}.Release|ARM64.ActiveCfg = Release|Any CPU
		{A6319C43-7F9C-4C89-9BE3-EABFC3216596}.Release|ARM64.Build.0 = Release|Any CPU
		{A6319C43-7F9C-4C89-9BE3-EABFC3216596}.Release|x64.ActiveCfg = Release|Any CPU
		{A6319C43-7F9C-4C89-9BE3-EABFC3216596}.Release|x64.Build.0 = Release|Any CPU
		{A6319C43-7F9C-4C89-9BE3-EABFC3216596}.Release|x86.ActiveCfg = Release|Any CPU
		{A6319C43-7F9C-4C89-9BE3-EABFC3216596}.Release|x86.Build.0 = Release|Any CPU
	EndGlobalSection
	GlobalSection(SolutionProperties) = preSolution
		HideSolutionNode = FALSE
	EndGlobalSection
	GlobalSection(ExtensibilityGlobals) = postSolution
		SolutionGuid = {26630D08-373A-4935-AEEC-2864013A5F5B}
	EndGlobalSection
EndGlobal
